
Microsoft Visual Studio Solution File, Format Version 12.00
# Visual Studio Version 16
VisualStudioVersion = 16.0.31729.503
MinimumVisualStudioVersion = 10.0.40219.1
Project("{8BC9CEB8-8B4A-11D0-8D11-00A0C91BC942}") = "DeadCheckers", "DeadCheckers\DeadCheckers.vcxproj", "{D6EE8C8A-68B8-4FBD-97A3-0134F1A77B09}"
EndProject
Project("{8BC9CEB8-8B4A-11D0-8D11-00A0C91BC942}") = "DeadDriver", "DeadDriver\DeadDriver.vcxproj", "{7DD189A2-6456-4D12-8F66-C53BF68FAF6E}"
EndProject
Global
	GlobalSection(SolutionConfigurationPlatforms) = preSolution
		Debug|ARM = Debug|ARM
		Debug|ARM64 = Debug|ARM64
		Debug|x64 = Debug|x64
		Debug|x86 = Debug|x86
		Release|ARM = Release|ARM
		Release|ARM64 = Release|ARM64
		Release|x64 = Release|x64
		Release|x86 = Release|x86
	EndGlobalSection
	GlobalSection(ProjectConfigurationPlatforms) = postSolution
		{D6EE8C8A-68B8-4FBD-97A3-0134F1A77B09}.Debug|ARM.ActiveCfg = Debug|Win32
		{D6EE8C8A-68B8-4FBD-97A3-0134F1A77B09}.Debug|ARM64.ActiveCfg = Debug|Win32
		{D6EE8C8A-68B8-4FBD-97A3-0134F1A77B09}.Debug|x64.ActiveCfg = Debug|x64
		{D6EE8C8A-68B8-4FBD-97A3-0134F1A77B09}.Debug|x64.Build.0 = Debug|x64
		{D6EE8C8A-68B8-4FBD-97A3-0134F1A77B09}.Debug|x86.ActiveCfg = Debug|Win32
		{D6EE8C8A-68B8-4FBD-97A3-0134F1A77B09}.Debug|x86.Build.0 = Debug|Win32
		{D6EE8C8A-68B8-4FBD-97A3-0134F1A77B09}.Release|ARM.ActiveCfg = Release|Win32
		{D6EE8C8A-68B8-4FBD-97A3-0134F1A77B09}.Release|ARM64.ActiveCfg = Release|Win32
		{D6EE8C8A-68B8-4FBD-97A3-0134F1A77B09}.Release|x64.ActiveCfg = Release|x64
		{D6EE8C8A-68B8-4FBD-97A3-0134F1A77B09}.Release|x64.Build.0 = Release|x64
		{D6EE8C8A-68B8-4FBD-97A3-0134F1A77B09}.Release|x86.ActiveCfg = Release|Win32
		{D6EE8C8A-68B8-4FBD-97A3-0134F1A77B09}.Release|x86.Build.0 = Release|Win32
		{7DD189A2-6456-4D12-8F66-C53BF68FAF6E}.Debug|ARM.ActiveCfg = Debug|ARM
		{7DD189A2-6456-4D12-8F66-C53BF68FAF6E}.Debug|ARM.Build.0 = Debug|ARM
		{7DD189A2-6456-4D12-8F66-C53BF68FAF6E}.Debug|ARM.Deploy.0 = Debug|ARM
		{7DD189A2-6456-4D12-8F66-C53BF68FAF6E}.Debug|ARM64.ActiveCfg = Debug|ARM64
		{7DD189A2-6456-4D12-8F66-C53BF68FAF6E}.Debug|ARM64.Build.0 = Debug|ARM64
		{7DD189A2-6456-4D12-8F66-C53BF68FAF6E}.Debug|ARM64.Deploy.0 = Debug|ARM64
		{7DD189A2-6456-4D12-8F66-C53BF68FAF6E}.Debug|x64.ActiveCfg = Debug|x64
		{7DD189A2-6456-4D12-8F66-C53BF68FAF6E}.Debug|x64.Build.0 = Debug|x64
		{7DD189A2-6456-4D12-8F66-C53BF68FAF6E}.Debug|x64.Deploy.0 = Debug|x64
		{7DD189A2-6456-4D12-8F66-C53BF68FAF6E}.Debug|x86.ActiveCfg = Debug|Win32
		{7DD189A2-6456-4D12-8F66-C53BF68FAF6E}.Debug|x86.Build.0 = Debug|Win32
		{7DD189A2-6456-4D12-8F66-C53BF68FAF6E}.Debug|x86.Deploy.0 = Debug|Win32
		{7DD189A2-6456-4D12-8F66-C53BF68FAF6E}.Release|ARM.ActiveCfg = Release|ARM
		{7DD189A2-6456-4D12-8F66-C53BF68FAF6E}.Release|ARM.Build.0 = Release|ARM
		{7DD189A2-6456-4D12-8F66-C53BF68FAF6E}.Release|ARM.Deploy.0 = Release|ARM
		{7DD189A2-6456-4D12-8F66-C53BF68FAF6E}.Release|ARM64.ActiveCfg = Release|ARM64
		{7DD189A2-6456-4D12-8F66-C53BF68FAF6E}.Release|ARM64.Build.0 = Release|ARM64
		{7DD189A2-6456-4D12-8F66-C53BF68FAF6E}.Release|ARM64.Deploy.0 = Release|ARM64
		{7DD189A2-6456-4D12-8F66-C53BF68FAF6E}.Release|x64.ActiveCfg = Release|x64
		{7DD189A2-6456-4D12-8F66-C53BF68FAF6E}.Release|x64.Build.0 = Release|x64
		{7DD189A2-6456-4D12-8F66-C53BF68FAF6E}.Release|x64.Deploy.0 = Release|x64
		{7DD189A2-6456-4D12-8F66-C53BF68FAF6E}.Release|x86.ActiveCfg = Release|Win32
		{7DD189A2-6456-4D12-8F66-C53BF68FAF6E}.Release|x86.Build.0 = Release|Win32
		{7DD189A2-6456-4D12-8F66-C53BF68FAF6E}.Release|x86.Deploy.0 = Release|Win32
	EndGlobalSection
	GlobalSection(SolutionProperties) = preSolution
		HideSolutionNode = FALSE
	EndGlobalSection
	GlobalSection(ExtensibilityGlobals) = postSolution
		SolutionGuid = {F90878A6-84DA-4ECC-99CB-2C4217D8D20D}
	EndGlobalSection
EndGlobal
